{"is_source_file": false, "format": "", "description": "", "external_files": [], "external_methods": [], "published": [], "classes": [], "methods": [], "calls": [], "search-terms": [], "state": 2, "file_id": 24, "knowledge_revision": 68, "git_revision": "e81c499281be697c2d6366fa3c9b857bacac2437", "hash": "e9b4c3b42cef0193b7fddb548d37e652", "format-version": 4, "code-base-name": "default", "filename": "travelgenie_ai/post_process_status.lock", "revision_history": [{"68": "e81c499281be697c2d6366fa3c9b857bacac2437"}]}